
Microsoft Visual Studio Solution File, Format Version 12.00
# Visual Studio 15
VisualStudioVersion = 15.0.28307.1401
MinimumVisualStudioVersion = 10.0.40219.1
Project("{FAE04EC0-301F-11D3-BF4B-00C04F79EFBC}") = "ReadSelectedSentence", "ReadSelectedSentence\ReadSelectedSentence.csproj", "{033C1CAF-C429-4D6B-95C2-5EE7F8C3B86A}"
EndProject
Global
	GlobalSection(SolutionConfigurationPlatforms) = preSolution
		Debug|Any CPU = Debug|Any CPU
		Release|Any CPU = Release|Any CPU
	EndGlobalSection
	GlobalSection(ProjectConfigurationPlatforms) = postSolution
		{033C1CAF-C429-4D6B-95C2-5EE7F8C3B86A}.Debug|Any CPU.ActiveCfg = Debug|Any CPU
		{033C1CAF-C429-4D6B-95C2-5EE7F8C3B86A}.Debug|Any CPU.Build.0 = Debug|Any CPU
		{033C1CAF-C429-4D6B-95C2-5EE7F8C3B86A}.Release|Any CPU.ActiveCfg = Release|Any CPU
		{033C1CAF-C429-4D6B-95C2-5EE7F8C3B86A}.Release|Any CPU.Build.0 = Release|Any CPU
	EndGlobalSection
	GlobalSection(SolutionProperties) = preSolution
		HideSolutionNode = FALSE
	EndGlobalSection
	GlobalSection(ExtensibilityGlobals) = postSolution
		SolutionGuid = {DA968BCE-7FD9-4E44-91FD-A4900B97A5C7}
	EndGlobalSection
EndGlobal
